
Microsoft Visual Studio Solution File, Format Version 12.00
# Visual Studio Version 16
VisualStudioVersion = 16.0.30523.141
MinimumVisualStudioVersion = 10.0.40219.1
Project("{B79D1C8A-C314-4B0C-8F85-B58B48D9221A}") = "COM3D2.AlwaysColorChangeEx.Plugin", "COM3D2.AlwaysColorChangeEx.Plugin\COM3D2.AlwaysColorChangeEx.Plugin.csproj", "{71FEDD70-EB8C-4D84-B8EF-E9B158A5B196}"
EndProject
Global
	GlobalSection(SolutionConfigurationPlatforms) = preSolution
		Debug|Any CPU = Debug|Any CPU
		Release|Any CPU = Release|Any CPU
	EndGlobalSection
	GlobalSection(ProjectConfigurationPlatforms) = postSolution
		{71FEDD70-EB8C-4D84-B8EF-E9B158A5B196}.Debug|Any CPU.ActiveCfg = Debug|Any CPU
		{71FEDD70-EB8C-4D84-B8EF-E9B158A5B196}.Debug|Any CPU.Build.0 = Debug|Any CPU
		{71FEDD70-EB8C-4D84-B8EF-E9B158A5B196}.Release|Any CPU.ActiveCfg = Release|Any CPU
		{71FEDD70-EB8C-4D84-B8EF-E9B158A5B196}.Release|Any CPU.Build.0 = Release|Any CPU
	EndGlobalSection
	GlobalSection(SolutionProperties) = preSolution
		HideSolutionNode = FALSE
	EndGlobalSection
	GlobalSection(ExtensibilityGlobals) = postSolution
		SolutionGuid = {7FC3DCB6-B4B7-4FA3-ACFD-3E183200CE0D}
	EndGlobalSection
EndGlobal
